
Microsoft Visual Studio Solution File, Format Version 12.00
# Visual Studio Version 17
VisualStudioVersion = 17.13.35828.75
MinimumVisualStudioVersion = 10.0.40219.1
Project("{2150E333-8FDC-42A3-9474-1A3956D46DE8}") = "src", "src", "{02EA681E-C7D8-13C7-8484-4AC65E1B71E8}"
EndProject
Project("{2150E333-8FDC-42A3-9474-1A3956D46DE8}") = "Api", "Api", "{5CAA1675-754D-4124-A267-4360BFDD3B7A}"
EndProject
Project("{2150E333-8FDC-42A3-9474-1A3956D46DE8}") = "core", "core", "{875570B8-985B-465C-A8D3-1971B768941A}"
EndProject
Project("{2150E333-8FDC-42A3-9474-1A3956D46DE8}") = "Infrastrucutre", "Infrastrucutre", "{CA12C6E9-D3D0-490E-BA30-AF92DB959D6C}"
EndProject
Project("{FAE04EC0-301F-11D3-BF4B-00C04F79EFBC}") = "Application", "Application\Application.csproj", "{470B931D-768B-438D-A809-15FEEEC40064}"
EndProject
Project("{FAE04EC0-301F-11D3-BF4B-00C04F79EFBC}") = "Domain", "Domain\Domain.csproj", "{781F6404-2D37-4911-AD55-C4620681190D}"
EndProject
Project("{FAE04EC0-301F-11D3-BF4B-00C04F79EFBC}") = "Infrastructure", "Infrastructure\Infrastructure.csproj", "{1AE92F51-FD32-4737-B27E-AE22BECCB693}"
EndProject
Project("{FAE04EC0-301F-11D3-BF4B-00C04F79EFBC}") = "Peristence", "Peristence\Peristence.csproj", "{7545CF63-C6F3-48AC-85DB-0E4B4CBD0303}"
EndProject
Project("{FAE04EC0-301F-11D3-BF4B-00C04F79EFBC}") = "WebApi", "WebApi\WebApi.csproj", "{69E34471-E327-4E20-AEC9-30907FC25644}"
EndProject
Global
	GlobalSection(SolutionConfigurationPlatforms) = preSolution
		Debug|Any CPU = Debug|Any CPU
		Release|Any CPU = Release|Any CPU
	EndGlobalSection
	GlobalSection(ProjectConfigurationPlatforms) = postSolution
		{470B931D-768B-438D-A809-15FEEEC40064}.Debug|Any CPU.ActiveCfg = Debug|Any CPU
		{470B931D-768B-438D-A809-15FEEEC40064}.Debug|Any CPU.Build.0 = Debug|Any CPU
		{470B931D-768B-438D-A809-15FEEEC40064}.Release|Any CPU.ActiveCfg = Release|Any CPU
		{470B931D-768B-438D-A809-15FEEEC40064}.Release|Any CPU.Build.0 = Release|Any CPU
		{781F6404-2D37-4911-AD55-C4620681190D}.Debug|Any CPU.ActiveCfg = Debug|Any CPU
		{781F6404-2D37-4911-AD55-C4620681190D}.Debug|Any CPU.Build.0 = Debug|Any CPU
		{781F6404-2D37-4911-AD55-C4620681190D}.Release|Any CPU.ActiveCfg = Release|Any CPU
		{781F6404-2D37-4911-AD55-C4620681190D}.Release|Any CPU.Build.0 = Release|Any CPU
		{1AE92F51-FD32-4737-B27E-AE22BECCB693}.Debug|Any CPU.ActiveCfg = Debug|Any CPU
		{1AE92F51-FD32-4737-B27E-AE22BECCB693}.Debug|Any CPU.Build.0 = Debug|Any CPU
		{1AE92F51-FD32-4737-B27E-AE22BECCB693}.Release|Any CPU.ActiveCfg = Release|Any CPU
		{1AE92F51-FD32-4737-B27E-AE22BECCB693}.Release|Any CPU.Build.0 = Release|Any CPU
		{7545CF63-C6F3-48AC-85DB-0E4B4CBD0303}.Debug|Any CPU.ActiveCfg = Debug|Any CPU
		{7545CF63-C6F3-48AC-85DB-0E4B4CBD0303}.Debug|Any CPU.Build.0 = Debug|Any CPU
		{7545CF63-C6F3-48AC-85DB-0E4B4CBD0303}.Release|Any CPU.ActiveCfg = Release|Any CPU
		{7545CF63-C6F3-48AC-85DB-0E4B4CBD0303}.Release|Any CPU.Build.0 = Release|Any CPU
		{69E34471-E327-4E20-AEC9-30907FC25644}.Debug|Any CPU.ActiveCfg = Debug|Any CPU
		{69E34471-E327-4E20-AEC9-30907FC25644}.Debug|Any CPU.Build.0 = Debug|Any CPU
		{69E34471-E327-4E20-AEC9-30907FC25644}.Release|Any CPU.ActiveCfg = Release|Any CPU
		{69E34471-E327-4E20-AEC9-30907FC25644}.Release|Any CPU.Build.0 = Release|Any CPU
	EndGlobalSection
	GlobalSection(SolutionProperties) = preSolution
		HideSolutionNode = FALSE
	EndGlobalSection
	GlobalSection(NestedProjects) = preSolution
		{5CAA1675-754D-4124-A267-4360BFDD3B7A} = {02EA681E-C7D8-13C7-8484-4AC65E1B71E8}
		{875570B8-985B-465C-A8D3-1971B768941A} = {02EA681E-C7D8-13C7-8484-4AC65E1B71E8}
		{CA12C6E9-D3D0-490E-BA30-AF92DB959D6C} = {02EA681E-C7D8-13C7-8484-4AC65E1B71E8}
		{470B931D-768B-438D-A809-15FEEEC40064} = {875570B8-985B-465C-A8D3-1971B768941A}
		{781F6404-2D37-4911-AD55-C4620681190D} = {875570B8-985B-465C-A8D3-1971B768941A}
		{1AE92F51-FD32-4737-B27E-AE22BECCB693} = {CA12C6E9-D3D0-490E-BA30-AF92DB959D6C}
		{7545CF63-C6F3-48AC-85DB-0E4B4CBD0303} = {CA12C6E9-D3D0-490E-BA30-AF92DB959D6C}
		{69E34471-E327-4E20-AEC9-30907FC25644} = {5CAA1675-754D-4124-A267-4360BFDD3B7A}
	EndGlobalSection
	GlobalSection(ExtensibilityGlobals) = postSolution
		SolutionGuid = {18D09CD4-37FB-4BF7-B2BC-9B23D41E8A0A}
	EndGlobalSection
EndGlobal
